VLLM_REPOSITORY=https://github.com/vllm-project/vllm.git
VLLM_TAG=v0.25.1
VLLM_COMMIT=752a3a504485790a2e8491cacbb35c137339ad34
FLASHINFER_REPOSITORY=https://github.com/flashinfer-ai/flashinfer.git
FLASHINFER_COMMIT=0472b9b3f2fba11b463f8526f390297d52a8aad7
B12X_REPOSITORY=https://github.com/lukealonso/b12x.git
B12X_COMMIT=7dc6fb8fcc6446ea093537d1657df81985fa5f43
B12X_VERSION=0.15.3
CUTLASS_DSL_VERSION=4.5.2
CUDA_PYTHON_VERSION=13.3.1
TVM_FFI_VERSION=0.1.9
FLASHINFER_VERSION=0.6.15
TORCH_VERSION=2.11.0+cu130
CUDA_VERSION=13.0.2
PYTHON_VERSION=3.12
VALIDATED_VLLM_VERSION=0.25.2.dev0+g752a3a504.d20260714
